
Microsoft Visual Studio Solution File, Format Version 12.00
# Visual Studio Version 17
VisualStudioVersion = 17.2.32630.192
MinimumVisualStudioVersion = 10.0.40219.1
Project("{FAE04EC0-301F-11D3-BF4B-00C04F79EFBC}") = "TechNight-WebApp", "TechNight-WebApp.csproj", "{6CE8A22B-43DC-4C87-BC54-8B3E572533B7}"
EndProject
Global
	GlobalSection(SolutionConfigurationPlatforms) = preSolution
		Debug|Any CPU = Debug|Any CPU
		Release|Any CPU = Release|Any CPU
	EndGlobalSection
	GlobalSection(ProjectConfigurationPlatforms) = postSolution
		{6CE8A22B-43DC-4C87-BC54-8B3E572533B7}.Debug|Any CPU.ActiveCfg = Debug|Any CPU
		{6CE8A22B-43DC-4C87-BC54-8B3E572533B7}.Debug|Any CPU.Build.0 = Debug|Any CPU
		{6CE8A22B-43DC-4C87-BC54-8B3E572533B7}.Release|Any CPU.ActiveCfg = Release|Any CPU
		{6CE8A22B-43DC-4C87-BC54-8B3E572533B7}.Release|Any CPU.Build.0 = Release|Any CPU
	EndGlobalSection
	GlobalSection(SolutionProperties) = preSolution
		HideSolutionNode = FALSE
	EndGlobalSection
	GlobalSection(ExtensibilityGlobals) = postSolution
		SolutionGuid = {1959666C-32D3-421E-B557-BE7EDE350362}
	EndGlobalSection
EndGlobal
